{
  "name": "@smartface/sf-component-calendar",
  "version": "2.1.2",
  "lockfileVersion": 1,
  "requires": true,
  "dependencies": {
    "@smartface/contx": {
      "version": "3.0.2",
      "resolved": "https://registry.npmjs.org/@smartface/contx/-/contx-3.0.2.tgz",
      "integrity": "sha512-ysYleQZJC4umwYMpeNhlof5BLDU6ItUO8y9jEXQfZXeAKQ6nPrqQrYm/AtAxhyDeR+Z0Mrk+DGrecGjP4qvOXg==",
      "dev": true,
      "requires": {
        "@smartface/styler": "^2.0.0",
        "filtrex": "^0.5.4"
      }
    },
    "@smartface/html-to-text": {
      "version": "1.2.0",
      "resolved": "https://registry.npmjs.org/@smartface/html-to-text/-/html-to-text-1.2.0.tgz",
      "integrity": "sha512-yKoQY2nfWiVEfXKdqvtswxPTQjt+WeNZl8gqnUXxRzZcm/trzcyHx8KGzTQHdLysQCDtOQhyIZXPTaWlFaFzFg==",
      "requires": {
        "html-parse-stringify": "1.0.2"
      }
    },
    "@smartface/styler": {
      "version": "2.0.0",
      "resolved": "https://registry.npmjs.org/@smartface/styler/-/styler-2.0.0.tgz",
      "integrity": "sha512-XLgoSUdXM8l0xHFIHV85ZEwzlYl07be2qi+Ca9p3lU1oE8STetxLFR3z7LD8eIq5Wp0Vzoh9xDsGdu0gTwo/dw==",
      "dev": true
    },
    "@types/moment": {
      "version": "2.13.0",
      "resolved": "https://cd.smartface.io/repository/npm-all-public/@types/moment/-/moment-2.13.0.tgz",
      "integrity": "sha1-YE69GJvDvDShVIaJQE5hoqSqyJY=",
      "dev": true,
      "requires": {
        "moment": "*"
      }
    },
    "filtrex": {
      "version": "0.5.4",
      "resolved": "https://cd.smartface.io/repository/npm-all-public/filtrex/-/filtrex-0.5.4.tgz",
      "integrity": "sha1-mAddUY8GjE9Yt7WJoifZi9n2OV0=",
      "dev": true
    },
    "html-parse-stringify": {
      "version": "1.0.2",
      "resolved": "https://cd.smartface.io/repository/npm-all-public/html-parse-stringify/-/html-parse-stringify-1.0.2.tgz",
      "integrity": "sha1-EgjpjNdDCtfvsS4ees7pIU/SIoM=",
      "requires": {
        "void-elements": "^1.0.0"
      }
    },
    "js-base": {
      "version": "1.0.4",
      "resolved": "https://cd.smartface.io/repository/npm-all-public/js-base/-/js-base-1.0.4.tgz",
      "integrity": "sha1-II6pHJ8m58YW2fq8NgWLvDvMgVg=",
      "dev": true
    },
    "moment": {
      "version": "2.28.0",
      "resolved": "https://cd.smartface.io/repository/npm-all-public/moment/-/moment-2.28.0.tgz",
      "integrity": "sha512-Z5KOjYmnHyd/ukynmFd/WwyXHd7L4J9vTI/nn5Ap9AVUgaAE15VvQ9MOGmJJygEUklupqIrFnor/tjTwRU+tQw=="
    },
    "sf-core": {
      "version": "4.3.0-beta.6",
      "resolved": "https://cd.smartface.io/repository/npm-all-public/sf-core/-/sf-core-4.3.0-beta.6.tgz",
      "integrity": "sha1-LdaQMCMFKVIHHbGon+dKi4pCD5E=",
      "dev": true
    },
    "void-elements": {
      "version": "1.0.0",
      "resolved": "https://cd.smartface.io/repository/npm-all-public/void-elements/-/void-elements-1.0.0.tgz",
      "integrity": "sha1-bl2x411ZH1rGkM4aNA95OoF7LCo="
    }
  }
}
