{
  "name": "@smartface/component-calendar",
  "version": "4.0.0-rc.0",
  "lockfileVersion": 2,
  "requires": true,
  "packages": {
    "": {
      "name": "@smartface/component-calendar",
      "version": "4.0.0-rc.0",
      "license": "MIT",
      "dependencies": {
        "@smartface/contx": "^4.0.0-rc",
        "@smartface/extension-utils": "^15.0.0-rc",
        "@smartface/html-to-text": "^1.1.1",
        "@smartface/native": "^4.3.2-beta",
        "@smartface/router": "^2.0.0-rc",
        "@smartface/styler": "^2.0.0",
        "moment": "^2.28.0",
        "moment-hijri": "2.1.2",
        "source-map": "0.6.1"
      }
    },
    "node_modules/@smartface/contx": {
      "version": "4.0.0-rc.6",
      "resolved": "https://registry.npmjs.org/@smartface/contx/-/contx-4.0.0-rc.6.tgz",
      "integrity": "sha512-z36HD8guOspL1m1uuTe5yLbOxfqzpwytuO8cxBBf5TniiVcs7Bk9ymVm3V53A5WMpfZud2RY5g/HiqVwFBZyUw==",
      "dependencies": {
        "@smartface/html-to-text": "^1.0.0",
        "@smartface/styler": "^2.0.0",
        "filtrex": "^0.5.4"
      }
    },
    "node_modules/@smartface/extension-utils": {
      "version": "15.0.0-rc.1",
      "resolved": "https://registry.npmjs.org/@smartface/extension-utils/-/extension-utils-15.0.0-rc.1.tgz",
      "integrity": "sha512-LC/51RASZ8xGrQEy5qWRd8kVITCXwjxtA2ZpZK745W3PHI/JhT0xCyY5+8XzEg3m2OqzSYMoV6q1qsbaXrgh6w==",
      "dev": true,
      "dependencies": {
        "html-parse-stringify": "1.0.2",
        "mixin-deep": "^1.3.1",
        "query-string": "^6.10.1",
        "semver": "^5.7.1",
        "squel": "^5.13.0",
        "tinycolor2": "^1.4.1",
        "wolfy87-eventemitter": "^5.2.9"
      }
    },
    "node_modules/@smartface/html-to-text": {
      "version": "1.2.0",
      "resolved": "https://registry.npmjs.org/@smartface/html-to-text/-/html-to-text-1.2.0.tgz",
      "integrity": "sha512-yKoQY2nfWiVEfXKdqvtswxPTQjt+WeNZl8gqnUXxRzZcm/trzcyHx8KGzTQHdLysQCDtOQhyIZXPTaWlFaFzFg==",
      "dependencies": {
        "html-parse-stringify": "1.0.2"
      }
    },
    "node_modules/@smartface/native": {
      "version": "4.3.2-beta.25",
      "resolved": "https://registry.npmjs.org/@smartface/native/-/native-4.3.2-beta.25.tgz",
      "integrity": "sha512-dljwKM2pmpY9orsgJiuDNn4Eo0WimzM4x62ZjQLQujr5HRFAZ/8m2WtuuiSWdi55WxR7xWWCOw2qRGe90ZW4nA==",
      "dev": true
    },
    "node_modules/@smartface/router": {
      "version": "2.0.0-rc.1",
      "resolved": "https://registry.npmjs.org/@smartface/router/-/router-2.0.0-rc.1.tgz",
      "integrity": "sha512-cy41IsftvOOQdkm3H+OE3FxVqQvt3VZ3iwrgdMk86HMjCU7AXrOfDx9pW4uFFnziDnfEOcBvpxRtKV++sO3m1Q==",
      "dev": true,
      "dependencies": {
        "path-to-regexp": "^2.4.0",
        "resolve-pathname": "^2.2.0"
      }
    },
    "node_modules/@smartface/styler": {
      "version": "2.0.0",
      "resolved": "https://registry.npmjs.org/@smartface/styler/-/styler-2.0.0.tgz",
      "integrity": "sha512-XLgoSUdXM8l0xHFIHV85ZEwzlYl07be2qi+Ca9p3lU1oE8STetxLFR3z7LD8eIq5Wp0Vzoh9xDsGdu0gTwo/dw=="
    },
    "node_modules/decode-uri-component": {
      "version": "0.2.0",
      "resolved": "https://registry.npmjs.org/decode-uri-component/-/decode-uri-component-0.2.0.tgz",
      "integrity": "sha1-6zkTMzRYd1y4TNGh+uBiEGu4dUU=",
      "dev": true,
      "engines": {
        "node": ">=0.10"
      }
    },
    "node_modules/filter-obj": {
      "version": "1.1.0",
      "resolved": "https://registry.npmjs.org/filter-obj/-/filter-obj-1.1.0.tgz",
      "integrity": "sha1-mzERErxsYSehbgFsbF1/GeCAXFs=",
      "dev": true,
      "engines": {
        "node": ">=0.10.0"
      }
    },
    "node_modules/filtrex": {
      "version": "0.5.4",
      "resolved": "https://registry.npmjs.org/filtrex/-/filtrex-0.5.4.tgz",
      "integrity": "sha1-mAddUY8GjE9Yt7WJoifZi9n2OV0="
    },
    "node_modules/for-in": {
      "version": "1.0.2",
      "resolved": "https://registry.npmjs.org/for-in/-/for-in-1.0.2.tgz",
      "integrity": "sha1-gQaNKVqBQuwKxybG4iAMMPttXoA=",
      "dev": true,
      "engines": {
        "node": ">=0.10.0"
      }
    },
    "node_modules/html-parse-stringify": {
      "version": "1.0.2",
      "resolved": "https://registry.npmjs.org/html-parse-stringify/-/html-parse-stringify-1.0.2.tgz",
      "integrity": "sha1-EgjpjNdDCtfvsS4ees7pIU/SIoM=",
      "dependencies": {
        "void-elements": "^1.0.0"
      }
    },
    "node_modules/is-extendable": {
      "version": "1.0.1",
      "resolved": "https://registry.npmjs.org/is-extendable/-/is-extendable-1.0.1.tgz",
      "integrity": "sha512-arnXMxT1hhoKo9k1LZdmlNyJdDDfy2v0fXjFlmok4+i8ul/6WlbVge9bhM74OpNPQPMGUToDtz+KXa1PneJxOA==",
      "dev": true,
      "dependencies": {
        "is-plain-object": "^2.0.4"
      },
      "engines": {
        "node": ">=0.10.0"
      }
    },
    "node_modules/is-plain-object": {
      "version": "2.0.4",
      "resolved": "https://registry.npmjs.org/is-plain-object/-/is-plain-object-2.0.4.tgz",
      "integrity": "sha512-h5PpgXkWitc38BBMYawTYMWJHFZJVnBquFE57xFpjB8pJFiF6gZ+bU+WyI/yqXiFR5mdLsgYNaPe8uao6Uv9Og==",
      "dev": true,
      "dependencies": {
        "isobject": "^3.0.1"
      },
      "engines": {
        "node": ">=0.10.0"
      }
    },
    "node_modules/isobject": {
      "version": "3.0.1",
      "resolved": "https://registry.npmjs.org/isobject/-/isobject-3.0.1.tgz",
      "integrity": "sha1-TkMekrEalzFjaqH5yNHMvP2reN8=",
      "dev": true,
      "engines": {
        "node": ">=0.10.0"
      }
    },
    "node_modules/mixin-deep": {
      "version": "1.3.2",
      "resolved": "https://registry.npmjs.org/mixin-deep/-/mixin-deep-1.3.2.tgz",
      "integrity": "sha512-WRoDn//mXBiJ1H40rqa3vH0toePwSsGb45iInWlTySa+Uu4k3tYUSxa2v1KqAiLtvlrSzaExqS1gtk96A9zvEA==",
      "dev": true,
      "dependencies": {
        "for-in": "^1.0.2",
        "is-extendable": "^1.0.1"
      },
      "engines": {
        "node": ">=0.10.0"
      }
    },
    "node_modules/moment": {
      "version": "2.29.1",
      "resolved": "https://registry.npmjs.org/moment/-/moment-2.29.1.tgz",
      "integrity": "sha512-kHmoybcPV8Sqy59DwNDY3Jefr64lK/by/da0ViFcuA4DH0vQg5Q6Ze5VimxkfQNSC+Mls/Kx53s7TjP1RhFEDQ==",
      "engines": {
        "node": "*"
      }
    },
    "node_modules/moment-hijri": {
      "version": "2.1.2",
      "resolved": "https://registry.npmjs.org/moment-hijri/-/moment-hijri-2.1.2.tgz",
      "integrity": "sha512-p5ZOA1UzBHAAXiePh37XRjjwuyH78+1ShYZ7R6jogxketewG7kTCUjUmcP9c4Qsx8D8cqxwUWrESjtgdT6tNoA==",
      "dependencies": {
        "moment": "^2.24.0"
      }
    },
    "node_modules/path-to-regexp": {
      "version": "2.4.0",
      "resolved": "https://registry.npmjs.org/path-to-regexp/-/path-to-regexp-2.4.0.tgz",
      "integrity": "sha512-G6zHoVqC6GGTQkZwF4lkuEyMbVOjoBKAEybQUypI1WTkqinCOrq2x6U2+phkJ1XsEMTy4LjtwPI7HW+NVrRR2w==",
      "dev": true
    },
    "node_modules/query-string": {
      "version": "6.14.1",
      "resolved": "https://registry.npmjs.org/query-string/-/query-string-6.14.1.tgz",
      "integrity": "sha512-XDxAeVmpfu1/6IjyT/gXHOl+S0vQ9owggJ30hhWKdHAsNPOcasn5o9BW0eejZqL2e4vMjhAxoW3jVHcD6mbcYw==",
      "dev": true,
      "dependencies": {
        "decode-uri-component": "^0.2.0",
        "filter-obj": "^1.1.0",
        "split-on-first": "^1.0.0",
        "strict-uri-encode": "^2.0.0"
      },
      "engines": {
        "node": ">=6"
      },
      "funding": {
        "url": "https://github.com/sponsors/sindresorhus"
      }
    },
    "node_modules/resolve-pathname": {
      "version": "2.2.0",
      "resolved": "https://registry.npmjs.org/resolve-pathname/-/resolve-pathname-2.2.0.tgz",
      "integrity": "sha512-bAFz9ld18RzJfddgrO2e/0S2O81710++chRMUxHjXOYKF6jTAMrUNZrEZ1PvV0zlhfjidm08iRPdTLPno1FuRg==",
      "dev": true
    },
    "node_modules/semver": {
      "version": "5.7.1",
      "resolved": "https://registry.npmjs.org/semver/-/semver-5.7.1.tgz",
      "integrity": "sha512-sauaDf/PZdVgrLTNYHRtpXa1iRiKcaebiKQ1BJdpQlWH2lCvexQdX55snPFyK7QzpudqbCI0qXFfOasHdyNDGQ==",
      "dev": true,
      "bin": {
        "semver": "bin/semver"
      }
    },
    "node_modules/source-map": {
      "version": "0.6.1",
      "resolved": "https://registry.npmjs.org/source-map/-/source-map-0.6.1.tgz",
      "integrity": "sha512-UjgapumWlbMhkBgzT7Ykc5YXUT46F0iKu8SGXq0bcwP5dz/h0Plj6enJqjz1Zbq2l5WaqYnrVbwWOWMyF3F47g==",
      "dev": true,
      "engines": {
        "node": ">=0.10.0"
      }
    },
    "node_modules/split-on-first": {
      "version": "1.1.0",
      "resolved": "https://registry.npmjs.org/split-on-first/-/split-on-first-1.1.0.tgz",
      "integrity": "sha512-43ZssAJaMusuKWL8sKUBQXHWOpq8d6CfN/u1p4gUzfJkM05C8rxTmYrkIPTXapZpORA6LkkzcUulJ8FqA7Uudw==",
      "dev": true,
      "engines": {
        "node": ">=6"
      }
    },
    "node_modules/squel": {
      "version": "5.13.0",
      "resolved": "https://registry.npmjs.org/squel/-/squel-5.13.0.tgz",
      "integrity": "sha512-Fzd8zqbuqNwzodO3yO6MkX8qiDoVBuwqAaa3eKNz4idhBf24IQHbatBhLUiHAGGl962eGvPVRxzRuFWZlSf49w==",
      "deprecated": "Squel is no longer maintained. We recommend knex as an alternative.",
      "dev": true,
      "engines": {
        "node": ">= 0.12.0"
      }
    },
    "node_modules/strict-uri-encode": {
      "version": "2.0.0",
      "resolved": "https://registry.npmjs.org/strict-uri-encode/-/strict-uri-encode-2.0.0.tgz",
      "integrity": "sha1-ucczDHBChi9rFC3CdLvMWGbONUY=",
      "dev": true,
      "engines": {
        "node": ">=4"
      }
    },
    "node_modules/tinycolor2": {
      "version": "1.4.2",
      "resolved": "https://registry.npmjs.org/tinycolor2/-/tinycolor2-1.4.2.tgz",
      "integrity": "sha512-vJhccZPs965sV/L2sU4oRQVAos0pQXwsvTLkWYdqJ+a8Q5kPFzJTuOFwy7UniPli44NKQGAglksjvOcpo95aZA==",
      "dev": true,
      "engines": {
        "node": "*"
      }
    },
    "node_modules/void-elements": {
      "version": "1.0.0",
      "resolved": "https://registry.npmjs.org/void-elements/-/void-elements-1.0.0.tgz",
      "integrity": "sha1-bl2x411ZH1rGkM4aNA95OoF7LCo=",
      "engines": {
        "node": ">=0.10.0"
      }
    },
    "node_modules/wolfy87-eventemitter": {
      "version": "5.2.9",
      "resolved": "https://registry.npmjs.org/wolfy87-eventemitter/-/wolfy87-eventemitter-5.2.9.tgz",
      "integrity": "sha512-P+6vtWyuDw+MB01X7UeF8TaHBvbCovf4HPEMF/SV7BdDc1SMTiBy13SRD71lQh4ExFTG1d/WNzDGDCyOKSMblw==",
      "dev": true
    }
  },
  "dependencies": {
    "@smartface/contx": {
      "version": "4.0.0-rc.6",
      "resolved": "https://registry.npmjs.org/@smartface/contx/-/contx-4.0.0-rc.6.tgz",
      "integrity": "sha512-z36HD8guOspL1m1uuTe5yLbOxfqzpwytuO8cxBBf5TniiVcs7Bk9ymVm3V53A5WMpfZud2RY5g/HiqVwFBZyUw==",
      "requires": {
        "@smartface/html-to-text": "^1.0.0",
        "@smartface/styler": "^2.0.0",
        "filtrex": "^0.5.4"
      }
    },
    "@smartface/extension-utils": {
      "version": "15.0.0-rc.1",
      "resolved": "https://registry.npmjs.org/@smartface/extension-utils/-/extension-utils-15.0.0-rc.1.tgz",
      "integrity": "sha512-LC/51RASZ8xGrQEy5qWRd8kVITCXwjxtA2ZpZK745W3PHI/JhT0xCyY5+8XzEg3m2OqzSYMoV6q1qsbaXrgh6w==",
      "dev": true,
      "requires": {
        "html-parse-stringify": "1.0.2",
        "mixin-deep": "^1.3.1",
        "query-string": "^6.10.1",
        "semver": "^5.7.1",
        "squel": "^5.13.0",
        "tinycolor2": "^1.4.1",
        "wolfy87-eventemitter": "^5.2.9"
      }
    },
    "@smartface/html-to-text": {
      "version": "1.2.0",
      "resolved": "https://registry.npmjs.org/@smartface/html-to-text/-/html-to-text-1.2.0.tgz",
      "integrity": "sha512-yKoQY2nfWiVEfXKdqvtswxPTQjt+WeNZl8gqnUXxRzZcm/trzcyHx8KGzTQHdLysQCDtOQhyIZXPTaWlFaFzFg==",
      "requires": {
        "html-parse-stringify": "1.0.2"
      }
    },
    "@smartface/native": {
      "version": "4.3.2-beta.25",
      "resolved": "https://registry.npmjs.org/@smartface/native/-/native-4.3.2-beta.25.tgz",
      "integrity": "sha512-dljwKM2pmpY9orsgJiuDNn4Eo0WimzM4x62ZjQLQujr5HRFAZ/8m2WtuuiSWdi55WxR7xWWCOw2qRGe90ZW4nA==",
      "dev": true
    },
    "@smartface/router": {
      "version": "2.0.0-rc.1",
      "resolved": "https://registry.npmjs.org/@smartface/router/-/router-2.0.0-rc.1.tgz",
      "integrity": "sha512-cy41IsftvOOQdkm3H+OE3FxVqQvt3VZ3iwrgdMk86HMjCU7AXrOfDx9pW4uFFnziDnfEOcBvpxRtKV++sO3m1Q==",
      "dev": true,
      "requires": {
        "path-to-regexp": "^2.4.0",
        "resolve-pathname": "^2.2.0"
      }
    },
    "@smartface/styler": {
      "version": "2.0.0",
      "resolved": "https://registry.npmjs.org/@smartface/styler/-/styler-2.0.0.tgz",
      "integrity": "sha512-XLgoSUdXM8l0xHFIHV85ZEwzlYl07be2qi+Ca9p3lU1oE8STetxLFR3z7LD8eIq5Wp0Vzoh9xDsGdu0gTwo/dw=="
    },
    "decode-uri-component": {
      "version": "0.2.0",
      "resolved": "https://registry.npmjs.org/decode-uri-component/-/decode-uri-component-0.2.0.tgz",
      "integrity": "sha1-6zkTMzRYd1y4TNGh+uBiEGu4dUU=",
      "dev": true
    },
    "filter-obj": {
      "version": "1.1.0",
      "resolved": "https://registry.npmjs.org/filter-obj/-/filter-obj-1.1.0.tgz",
      "integrity": "sha1-mzERErxsYSehbgFsbF1/GeCAXFs=",
      "dev": true
    },
    "filtrex": {
      "version": "0.5.4",
      "resolved": "https://registry.npmjs.org/filtrex/-/filtrex-0.5.4.tgz",
      "integrity": "sha1-mAddUY8GjE9Yt7WJoifZi9n2OV0="
    },
    "for-in": {
      "version": "1.0.2",
      "resolved": "https://registry.npmjs.org/for-in/-/for-in-1.0.2.tgz",
      "integrity": "sha1-gQaNKVqBQuwKxybG4iAMMPttXoA=",
      "dev": true
    },
    "html-parse-stringify": {
      "version": "1.0.2",
      "resolved": "https://registry.npmjs.org/html-parse-stringify/-/html-parse-stringify-1.0.2.tgz",
      "integrity": "sha1-EgjpjNdDCtfvsS4ees7pIU/SIoM=",
      "requires": {
        "void-elements": "^1.0.0"
      }
    },
    "is-extendable": {
      "version": "1.0.1",
      "resolved": "https://registry.npmjs.org/is-extendable/-/is-extendable-1.0.1.tgz",
      "integrity": "sha512-arnXMxT1hhoKo9k1LZdmlNyJdDDfy2v0fXjFlmok4+i8ul/6WlbVge9bhM74OpNPQPMGUToDtz+KXa1PneJxOA==",
      "dev": true,
      "requires": {
        "is-plain-object": "^2.0.4"
      }
    },
    "is-plain-object": {
      "version": "2.0.4",
      "resolved": "https://registry.npmjs.org/is-plain-object/-/is-plain-object-2.0.4.tgz",
      "integrity": "sha512-h5PpgXkWitc38BBMYawTYMWJHFZJVnBquFE57xFpjB8pJFiF6gZ+bU+WyI/yqXiFR5mdLsgYNaPe8uao6Uv9Og==",
      "dev": true,
      "requires": {
        "isobject": "^3.0.1"
      }
    },
    "isobject": {
      "version": "3.0.1",
      "resolved": "https://registry.npmjs.org/isobject/-/isobject-3.0.1.tgz",
      "integrity": "sha1-TkMekrEalzFjaqH5yNHMvP2reN8=",
      "dev": true
    },
    "mixin-deep": {
      "version": "1.3.2",
      "resolved": "https://registry.npmjs.org/mixin-deep/-/mixin-deep-1.3.2.tgz",
      "integrity": "sha512-WRoDn//mXBiJ1H40rqa3vH0toePwSsGb45iInWlTySa+Uu4k3tYUSxa2v1KqAiLtvlrSzaExqS1gtk96A9zvEA==",
      "dev": true,
      "requires": {
        "for-in": "^1.0.2",
        "is-extendable": "^1.0.1"
      }
    },
    "moment": {
      "version": "2.29.1",
      "resolved": "https://registry.npmjs.org/moment/-/moment-2.29.1.tgz",
      "integrity": "sha512-kHmoybcPV8Sqy59DwNDY3Jefr64lK/by/da0ViFcuA4DH0vQg5Q6Ze5VimxkfQNSC+Mls/Kx53s7TjP1RhFEDQ=="
    },
    "moment-hijri": {
      "version": "2.1.2",
      "resolved": "https://registry.npmjs.org/moment-hijri/-/moment-hijri-2.1.2.tgz",
      "integrity": "sha512-p5ZOA1UzBHAAXiePh37XRjjwuyH78+1ShYZ7R6jogxketewG7kTCUjUmcP9c4Qsx8D8cqxwUWrESjtgdT6tNoA==",
      "requires": {
        "moment": "^2.24.0"
      }
    },
    "path-to-regexp": {
      "version": "2.4.0",
      "resolved": "https://registry.npmjs.org/path-to-regexp/-/path-to-regexp-2.4.0.tgz",
      "integrity": "sha512-G6zHoVqC6GGTQkZwF4lkuEyMbVOjoBKAEybQUypI1WTkqinCOrq2x6U2+phkJ1XsEMTy4LjtwPI7HW+NVrRR2w==",
      "dev": true
    },
    "query-string": {
      "version": "6.14.1",
      "resolved": "https://registry.npmjs.org/query-string/-/query-string-6.14.1.tgz",
      "integrity": "sha512-XDxAeVmpfu1/6IjyT/gXHOl+S0vQ9owggJ30hhWKdHAsNPOcasn5o9BW0eejZqL2e4vMjhAxoW3jVHcD6mbcYw==",
      "dev": true,
      "requires": {
        "decode-uri-component": "^0.2.0",
        "filter-obj": "^1.1.0",
        "split-on-first": "^1.0.0",
        "strict-uri-encode": "^2.0.0"
      }
    },
    "resolve-pathname": {
      "version": "2.2.0",
      "resolved": "https://registry.npmjs.org/resolve-pathname/-/resolve-pathname-2.2.0.tgz",
      "integrity": "sha512-bAFz9ld18RzJfddgrO2e/0S2O81710++chRMUxHjXOYKF6jTAMrUNZrEZ1PvV0zlhfjidm08iRPdTLPno1FuRg==",
      "dev": true
    },
    "semver": {
      "version": "5.7.1",
      "resolved": "https://registry.npmjs.org/semver/-/semver-5.7.1.tgz",
      "integrity": "sha512-sauaDf/PZdVgrLTNYHRtpXa1iRiKcaebiKQ1BJdpQlWH2lCvexQdX55snPFyK7QzpudqbCI0qXFfOasHdyNDGQ==",
      "dev": true
    },
    "source-map": {
      "version": "0.6.1",
      "resolved": "https://registry.npmjs.org/source-map/-/source-map-0.6.1.tgz",
      "integrity": "sha512-UjgapumWlbMhkBgzT7Ykc5YXUT46F0iKu8SGXq0bcwP5dz/h0Plj6enJqjz1Zbq2l5WaqYnrVbwWOWMyF3F47g==",
      "dev": true
    },
    "split-on-first": {
      "version": "1.1.0",
      "resolved": "https://registry.npmjs.org/split-on-first/-/split-on-first-1.1.0.tgz",
      "integrity": "sha512-43ZssAJaMusuKWL8sKUBQXHWOpq8d6CfN/u1p4gUzfJkM05C8rxTmYrkIPTXapZpORA6LkkzcUulJ8FqA7Uudw==",
      "dev": true
    },
    "squel": {
      "version": "5.13.0",
      "resolved": "https://registry.npmjs.org/squel/-/squel-5.13.0.tgz",
      "integrity": "sha512-Fzd8zqbuqNwzodO3yO6MkX8qiDoVBuwqAaa3eKNz4idhBf24IQHbatBhLUiHAGGl962eGvPVRxzRuFWZlSf49w==",
      "dev": true
    },
    "strict-uri-encode": {
      "version": "2.0.0",
      "resolved": "https://registry.npmjs.org/strict-uri-encode/-/strict-uri-encode-2.0.0.tgz",
      "integrity": "sha1-ucczDHBChi9rFC3CdLvMWGbONUY=",
      "dev": true
    },
    "tinycolor2": {
      "version": "1.4.2",
      "resolved": "https://registry.npmjs.org/tinycolor2/-/tinycolor2-1.4.2.tgz",
      "integrity": "sha512-vJhccZPs965sV/L2sU4oRQVAos0pQXwsvTLkWYdqJ+a8Q5kPFzJTuOFwy7UniPli44NKQGAglksjvOcpo95aZA==",
      "dev": true
    },
    "void-elements": {
      "version": "1.0.0",
      "resolved": "https://registry.npmjs.org/void-elements/-/void-elements-1.0.0.tgz",
      "integrity": "sha1-bl2x411ZH1rGkM4aNA95OoF7LCo="
    },
    "wolfy87-eventemitter": {
      "version": "5.2.9",
      "resolved": "https://registry.npmjs.org/wolfy87-eventemitter/-/wolfy87-eventemitter-5.2.9.tgz",
      "integrity": "sha512-P+6vtWyuDw+MB01X7UeF8TaHBvbCovf4HPEMF/SV7BdDc1SMTiBy13SRD71lQh4ExFTG1d/WNzDGDCyOKSMblw==",
      "dev": true
    }
  }
}
